// !$*UTF8*$!
{
	archiveVersion = 1;
	classes = {
	};
	objectVersion = 46;
	objects = {

/* Begin PBXBuildFile section */
		010AA1EF1DC80AA3007BDD5B /* ColorExtension.swift in Sources */ = {isa = PBXBuildFile; fileRef = 010AA1EE1DC80AA3007BDD5B /* ColorExtension.swift */; };
		010AA1F11DCAA0FD007BDD5B /* Localizable.strings in Resources */ = {isa = PBXBuildFile; fileRef = 010AA1F01DCAA0FD007BDD5B /* Localizable.strings */; };
		010AA1FB1DCC5FAD007BDD5B /* MainViewController.swift in Sources */ = {isa = PBXBuildFile; fileRef = 010AA1F91DCC5FAD007BDD5B /* MainViewController.swift */; };
		011387E91DC40E95004FAE58 /* Images.xcassets in Resources */ = {isa = PBXBuildFile; fileRef = 011387E81DC40E95004FAE58 /* Images.xcassets */; };
		011387EB1DC415EB004FAE58 /* Constants.swift in Sources */ = {isa = PBXBuildFile; fileRef = 011387EA1DC415EB004FAE58 /* Constants.swift */; };
		0130F64F1DC404B4000A2DDC /* Cards.json in Resources */ = {isa = PBXBuildFile; fileRef = 0130F6471DC404B4000A2DDC /* Cards.json */; };
		013764B61DCDFC140053A07C /* flipcard.wav in Resources */ = {isa = PBXBuildFile; fileRef = 013764B51DCDFC140053A07C /* flipcard.wav */; };
		013764B91DCE0C040053A07C /* StringUtilities.swift in Sources */ = {isa = PBXBuildFile; fileRef = 013764B81DCE0C040053A07C /* StringUtilities.swift */; };
		013764BB1DCE622C0053A07C /* EmailComposer.swift in Sources */ = {isa = PBXBuildFile; fileRef = 013764BA1DCE622C0053A07C /* EmailComposer.swift */; };
		013764BD1DCEA9990053A07C /* TSWebViewController.swift in Sources */ = {isa = PBXBuildFile; fileRef = 013764BC1DCEA9990053A07C /* TSWebViewController.swift */; };
		0140D4D21DC3FABE00AFF0BB /* AppDelegate.swift in Sources */ = {isa = PBXBuildFile; fileRef = 0140D4D11DC3FABE00AFF0BB /* AppDelegate.swift */; };
		0140D4D71DC3FABE00AFF0BB /* Main.storyboard in Resources */ = {isa = PBXBuildFile; fileRef = 0140D4D51DC3FABE00AFF0BB /* Main.storyboard */; };
		0140D4D91DC3FABE00AFF0BB /* Assets.xcassets in Resources */ = {isa = PBXBuildFile; fileRef = 0140D4D81DC3FABE00AFF0BB /* Assets.xcassets */; };
		0140D4DC1DC3FABE00AFF0BB /* LaunchScreen.storyboard in Resources */ = {isa = PBXBuildFile; fileRef = 0140D4DA1DC3FABE00AFF0BB /* LaunchScreen.storyboard */; };
		0140D4E71DC3FABE00AFF0BB /* TarotReaderTests.swift in Sources */ = {isa = PBXBuildFile; fileRef = 0140D4E61DC3FABE00AFF0BB /* TarotReaderTests.swift */; };
		0140D4F51DC3FD4800AFF0BB /* TarotCard.swift in Sources */ = {isa = PBXBuildFile; fileRef = 0140D4F41DC3FD4800AFF0BB /* TarotCard.swift */; };
		0140D4F71DC3FDA300AFF0BB /* TarotCardDeck.swift in Sources */ = {isa = PBXBuildFile; fileRef = 0140D4F61DC3FDA300AFF0BB /* TarotCardDeck.swift */; };
		0164CF201DC667520026B1BB /* Matt_Final_Edited_9_21-05.png in Resources */ = {isa = PBXBuildFile; fileRef = 0164CF181DC667520026B1BB /* Matt_Final_Edited_9_21-05.png */; };
		0164CF211DC667520026B1BB /* Matt_Final_Edited_9_21-06.png in Resources */ = {isa = PBXBuildFile; fileRef = 0164CF191DC667520026B1BB /* Matt_Final_Edited_9_21-06.png */; };
		0164CF221DC667520026B1BB /* Matt_Final_Edited_9_21-07.png in Resources */ = {isa = PBXBuildFile; fileRef = 0164CF1A1DC667520026B1BB /* Matt_Final_Edited_9_21-07.png */; };
		0164CF231DC667520026B1BB /* Matt_Final_Edited_9_21-08.png in Resources */ = {isa = PBXBuildFile; fileRef = 0164CF1B1DC667520026B1BB /* Matt_Final_Edited_9_21-08.png */; };
		0164CF241DC667520026B1BB /* Matt_Final_Edited_9_21-09.png in Resources */ = {isa = PBXBuildFile; fileRef = 0164CF1C1DC667520026B1BB /* Matt_Final_Edited_9_21-09.png */; };
		0164CF251DC667520026B1BB /* Matt_Final_Edited_9_21-10.png in Resources */ = {isa = PBXBuildFile; fileRef = 0164CF1D1DC667520026B1BB /* Matt_Final_Edited_9_21-10.png */; };
		0164CF261DC667520026B1BB /* Matt_Final_Edited_9_21-11.png in Resources */ = {isa = PBXBuildFile; fileRef = 0164CF1E1DC667520026B1BB /* Matt_Final_Edited_9_21-11.png */; };
		0164CF271DC667520026B1BB /* Matt_Final_Edited_9_21-12.png in Resources */ = {isa = PBXBuildFile; fileRef = 0164CF1F1DC667520026B1BB /* Matt_Final_Edited_9_21-12.png */; };
		019150611DCC619E003BD9D4 /* InstructionsViewController.swift in Sources */ = {isa = PBXBuildFile; fileRef = 019150601DCC619E003BD9D4 /* InstructionsViewController.swift */; };
		01B521FD1DCD654F008F60C0 /* AboutViewController.swift in Sources */ = {isa = PBXBuildFile; fileRef = 01B521FC1DCD654F008F60C0 /* AboutViewController.swift */; };
/* End PBXBuildFile section */

/* Begin PBXContainerItemProxy section */
		0140D4E31DC3FABE00AFF0BB /* PBXContainerItemProxy */ = {
			isa = PBXContainerItemProxy;
			containerPortal = 0140D4C61DC3FABE00AFF0BB /* Project object */;
			proxyType = 1;
			remoteGlobalIDString = 0140D4CD1DC3FABE00AFF0BB;
			remoteInfo = TarotReader;
		};
/* End PBXContainerItemProxy section */

/* Begin PBXFileReference section */
		010AA1EE1DC80AA3007BDD5B /* ColorExtension.swift */ = {isa = PBXFileReference; fileEncoding = 4; lastKnownFileType = sourcecode.swift; path = ColorExtension.swift; sourceTree = "<group>"; };
		010AA1F01DCAA0FD007BDD5B /* Localizable.strings */ = {isa = PBXFileReference; fileEncoding = 4; lastKnownFileType = text.plist.strings; path = Localizable.strings; sourceTree = "<group>"; };
		010AA1F91DCC5FAD007BDD5B /* MainViewController.swift */ = {isa = PBXFileReference; fileEncoding = 4; lastKnownFileType = sourcecode.swift; path = MainViewController.swift; sourceTree = "<group>"; };
		011387E81DC40E95004FAE58 /* Images.xcassets */ = {isa = PBXFileReference; lastKnownFileType = folder.assetcatalog; path = Images.xcassets; sourceTree = "<group>"; };
		011387EA1DC415EB004FAE58 /* Constants.swift */ = {isa = PBXFileReference; fileEncoding = 4; lastKnownFileType = sourcecode.swift; path = Constants.swift; sourceTree = "<group>"; };
		0130F6471DC404B4000A2DDC /* Cards.json */ = {isa = PBXFileReference; fileEncoding = 4; lastKnownFileType = text.json; path = Cards.json; sourceTree = "<group>"; };
		013764B51DCDFC140053A07C /* flipcard.wav */ = {isa = PBXFileReference; lastKnownFileType = audio.wav; path = flipcard.wav; sourceTree = "<group>"; };
		013764B81DCE0C040053A07C /* StringUtilities.swift */ = {isa = PBXFileReference; fileEncoding = 4; lastKnownFileType = sourcecode.swift; path = StringUtilities.swift; sourceTree = "<group>"; };
		013764BA1DCE622C0053A07C /* EmailComposer.swift */ = {isa = PBXFileReference; fileEncoding = 4; lastKnownFileType = sourcecode.swift; path = EmailComposer.swift; sourceTree = "<group>"; };
		013764BC1DCEA9990053A07C /* TSWebViewController.swift */ = {isa = PBXFileReference; fileEncoding = 4; lastKnownFileType = sourcecode.swift; path = TSWebViewController.swift; sourceTree = "<group>"; };
		0140D4CE1DC3FABE00AFF0BB /* TarotReader.app */ = {isa = PBXFileReference; explicitFileType = wrapper.application; includeInIndex = 0; path = TarotReader.app; sourceTree = BUILT_PRODUCTS_DIR; };
		0140D4D11DC3FABE00AFF0BB /* AppDelegate.swift */ = {isa = PBXFileReference; lastKnownFileType = sourcecode.swift; path = AppDelegate.swift; sourceTree = "<group>"; };
		0140D4D61DC3FABE00AFF0BB /* Base */ = {isa = PBXFileReference; lastKnownFileType = file.storyboard; name = Base; path = Base.lproj/Main.storyboard; sourceTree = "<group>"; };
		0140D4D81DC3FABE00AFF0BB /* Assets.xcassets */ = {isa = PBXFileReference; lastKnownFileType = folder.assetcatalog; path = Assets.xcassets; sourceTree = "<group>"; };
		0140D4DB1DC3FABE00AFF0BB /* Base */ = {isa = PBXFileReference; lastKnownFileType = file.storyboard; name = Base; path = Base.lproj/LaunchScreen.storyboard; sourceTree = "<group>"; };
		0140D4DD1DC3FABE00AFF0BB /* Info.plist */ = {isa = PBXFileReference; lastKnownFileType = text.plist.xml; path = Info.plist; sourceTree = "<group>"; };
		0140D4E21DC3FABE00AFF0BB /* TarotReaderTests.xctest */ = {isa = PBXFileReference; explicitFileType = wrapper.cfbundle; includeInIndex = 0; path = TarotReaderTests.xctest; sourceTree = BUILT_PRODUCTS_DIR; };
		0140D4E61DC3FABE00AFF0BB /* TarotReaderTests.swift */ = {isa = PBXFileReference; lastKnownFileType = sourcecode.swift; path = TarotReaderTests.swift; sourceTree = "<group>"; };
		0140D4E81DC3FABE00AFF0BB /* Info.plist */ = {isa = PBXFileReference; lastKnownFileType = text.plist.xml; path = Info.plist; sourceTree = "<group>"; };
		0140D4F41DC3FD4800AFF0BB /* TarotCard.swift */ = {isa = PBXFileReference; fileEncoding = 4; lastKnownFileType = sourcecode.swift; path = TarotCard.swift; sourceTree = "<group>"; };
		0140D4F61DC3FDA300AFF0BB /* TarotCardDeck.swift */ = {isa = PBXFileReference; fileEncoding = 4; lastKnownFileType = sourcecode.swift; path = TarotCardDeck.swift; sourceTree = "<group>"; };
		0164CF181DC667520026B1BB /* Matt_Final_Edited_9_21-05.png */ = {isa = PBXFileReference; lastKnownFileType = image.png; path = "Matt_Final_Edited_9_21-05.png"; sourceTree = "<group>"; };
		0164CF191DC667520026B1BB /* Matt_Final_Edited_9_21-06.png */ = {isa = PBXFileReference; lastKnownFileType = image.png; path = "Matt_Final_Edited_9_21-06.png"; sourceTree = "<group>"; };
		0164CF1A1DC667520026B1BB /* Matt_Final_Edited_9_21-07.png */ = {isa = PBXFileReference; lastKnownFileType = image.png; path = "Matt_Final_Edited_9_21-07.png"; sourceTree = "<group>"; };
		0164CF1B1DC667520026B1BB /* Matt_Final_Edited_9_21-08.png */ = {isa = PBXFileReference; lastKnownFileType = image.png; path = "Matt_Final_Edited_9_21-08.png"; sourceTree = "<group>"; };
		0164CF1C1DC667520026B1BB /* Matt_Final_Edited_9_21-09.png */ = {isa = PBXFileReference; lastKnownFileType = image.png; path = "Matt_Final_Edited_9_21-09.png"; sourceTree = "<group>"; };
		0164CF1D1DC667520026B1BB /* Matt_Final_Edited_9_21-10.png */ = {isa = PBXFileReference; lastKnownFileType = image.png; path = "Matt_Final_Edited_9_21-10.png"; sourceTree = "<group>"; };
		0164CF1E1DC667520026B1BB /* Matt_Final_Edited_9_21-11.png */ = {isa = PBXFileReference; lastKnownFileType = image.png; path = "Matt_Final_Edited_9_21-11.png"; sourceTree = "<group>"; };
		0164CF1F1DC667520026B1BB /* Matt_Final_Edited_9_21-12.png */ = {isa = PBXFileReference; lastKnownFileType = image.png; path = "Matt_Final_Edited_9_21-12.png"; sourceTree = "<group>"; };
		019150601DCC619E003BD9D4 /* InstructionsViewController.swift */ = {isa = PBXFileReference; fileEncoding = 4; lastKnownFileType = sourcecode.swift; path = InstructionsViewController.swift; sourceTree = "<group>"; };
		01B521FC1DCD654F008F60C0 /* AboutViewController.swift */ = {isa = PBXFileReference; fileEncoding = 4; lastKnownFileType = sourcecode.swift; path = AboutViewController.swift; sourceTree = "<group>"; };
/* End PBXFileReference section */

/* Begin PBXFrameworksBuildPhase section */
		0140D4CB1DC3FABE00AFF0BB /* Frameworks */ = {
			isa = PBXFrameworksBuildPhase;
			buildActionMask = 2147483647;
			files = (
			);
			runOnlyForDeploymentPostprocessing = 0;
		};
		0140D4DF1DC3FABE00AFF0BB /* Frameworks */ = {
			isa = PBXFrameworksBuildPhase;
			buildActionMask = 2147483647;
			files = (
			);
			runOnlyForDeploymentPostprocessing = 0;
		};
/* End PBXFrameworksBuildPhase section */

/* Begin PBXGroup section */
		010AA1ED1DC80AA3007BDD5B /* Extensions */ = {
			isa = PBXGroup;
			children = (
				010AA1EE1DC80AA3007BDD5B /* ColorExtension.swift */,
			);
			path = Extensions;
			sourceTree = "<group>";
		};
		010AA1F71DCC5FAD007BDD5B /* ViewControllers */ = {
			isa = PBXGroup;
			children = (
				019150601DCC619E003BD9D4 /* InstructionsViewController.swift */,
				010AA1F91DCC5FAD007BDD5B /* MainViewController.swift */,
				01B521FC1DCD654F008F60C0 /* AboutViewController.swift */,
			);
			path = ViewControllers;
			sourceTree = "<group>";
		};
		0130F6461DC404B4000A2DDC /* Assets */ = {
			isa = PBXGroup;
			children = (
				013764B51DCDFC140053A07C /* flipcard.wav */,
				0130F6471DC404B4000A2DDC /* Cards.json */,
				0130F6481DC404B4000A2DDC /* Images */,
			);
			path = Assets;
			sourceTree = "<group>";
		};
		0130F6481DC404B4000A2DDC /* Images */ = {
			isa = PBXGroup;
			children = (
				0164CF181DC667520026B1BB /* Matt_Final_Edited_9_21-05.png */,
				0164CF191DC667520026B1BB /* Matt_Final_Edited_9_21-06.png */,
				0164CF1A1DC667520026B1BB /* Matt_Final_Edited_9_21-07.png */,
				0164CF1B1DC667520026B1BB /* Matt_Final_Edited_9_21-08.png */,
				0164CF1C1DC667520026B1BB /* Matt_Final_Edited_9_21-09.png */,
				0164CF1D1DC667520026B1BB /* Matt_Final_Edited_9_21-10.png */,
				0164CF1E1DC667520026B1BB /* Matt_Final_Edited_9_21-11.png */,
				0164CF1F1DC667520026B1BB /* Matt_Final_Edited_9_21-12.png */,
				011387E81DC40E95004FAE58 /* Images.xcassets */,
			);
			path = Images;
			sourceTree = "<group>";
		};
		013764B71DCE0C040053A07C /* Utilities */ = {
			isa = PBXGroup;
			children = (
				013764BC1DCEA9990053A07C /* TSWebViewController.swift */,
				013764BA1DCE622C0053A07C /* EmailComposer.swift */,
				013764B81DCE0C040053A07C /* StringUtilities.swift */,
			);
			path = Utilities;
			sourceTree = "<group>";
		};
		0140D4C51DC3FABE00AFF0BB = {
			isa = PBXGroup;
			children = (
				0140D4D01DC3FABE00AFF0BB /* TarotReader */,
				0140D4E51DC3FABE00AFF0BB /* TarotReaderTests */,
				0140D4CF1DC3FABE00AFF0BB /* Products */,
			);
			sourceTree = "<group>";
		};
		0140D4CF1DC3FABE00AFF0BB /* Products */ = {
			isa = PBXGroup;
			children = (
				0140D4CE1DC3FABE00AFF0BB /* TarotReader.app */,
				0140D4E21DC3FABE00AFF0BB /* TarotReaderTests.xctest */,
			);
			name = Products;
			sourceTree = "<group>";
		};
		0140D4D01DC3FABE00AFF0BB /* TarotReader */ = {
			isa = PBXGroup;
			children = (
				0140D4D11DC3FABE00AFF0BB /* AppDelegate.swift */,
				0130F6461DC404B4000A2DDC /* Assets */,
				0140D4D81DC3FABE00AFF0BB /* Assets.xcassets */,
				011387EA1DC415EB004FAE58 /* Constants.swift */,
				010AA1ED1DC80AA3007BDD5B /* Extensions */,
				0140D4DD1DC3FABE00AFF0BB /* Info.plist */,
				0140D4DA1DC3FABE00AFF0BB /* LaunchScreen.storyboard */,
				010AA1F01DCAA0FD007BDD5B /* Localizable.strings */,
				0140D4D51DC3FABE00AFF0BB /* Main.storyboard */,
				0140D4F31DC3FD4800AFF0BB /* Model */,
				013764B71DCE0C040053A07C /* Utilities */,
				010AA1F71DCC5FAD007BDD5B /* ViewControllers */,
			);
			path = TarotReader;
			sourceTree = "<group>";
		};
		0140D4E51DC3FABE00AFF0BB /* TarotReaderTests */ = {
			isa = PBXGroup;
			children = (
				0140D4E61DC3FABE00AFF0BB /* TarotReaderTests.swift */,
				0140D4E81DC3FABE00AFF0BB /* Info.plist */,
			);
			path = TarotReaderTests;
			sourceTree = "<group>";
		};
		0140D4F31DC3FD4800AFF0BB /* Model */ = {
			isa = PBXGroup;
			children = (
				0140D4F41DC3FD4800AFF0BB /* TarotCard.swift */,
				0140D4F61DC3FDA300AFF0BB /* TarotCardDeck.swift */,
			);
			path = Model;
			sourceTree = "<group>";
		};
/* End PBXGroup section */

/* Begin PBXNativeTarget section */
		0140D4CD1DC3FABE00AFF0BB /* TarotReader */ = {
			isa = PBXNativeTarget;
			buildConfigurationList = 0140D4EB1DC3FABE00AFF0BB /* Build configuration list for PBXNativeTarget "TarotReader" */;
			buildPhases = (
				0140D4CA1DC3FABE00AFF0BB /* Sources */,
				0140D4CB1DC3FABE00AFF0BB /* Frameworks */,
				0140D4CC1DC3FABE00AFF0BB /* Resources */,
			);
			buildRules = (
			);
			dependencies = (
			);
			name = TarotReader;
			productName = TarotReader;
			productReference = 0140D4CE1DC3FABE00AFF0BB /* TarotReader.app */;
			productType = "com.apple.product-type.application";
		};
		0140D4E11DC3FABE00AFF0BB /* TarotReaderTests */ = {
			isa = PBXNativeTarget;
			buildConfigurationList = 0140D4EE1DC3FABE00AFF0BB /* Build configuration list for PBXNativeTarget "TarotReaderTests" */;
			buildPhases = (
				0140D4DE1DC3FABE00AFF0BB /* Sources */,
				0140D4DF1DC3FABE00AFF0BB /* Frameworks */,
				0140D4E01DC3FABE00AFF0BB /* Resources */,
			);
			buildRules = (
			);
			dependencies = (
				0140D4E41DC3FABE00AFF0BB /* PBXTargetDependency */,
			);
			name = TarotReaderTests;
			productName = TarotReaderTests;
			productReference = 0140D4E21DC3FABE00AFF0BB /* TarotReaderTests.xctest */;
			productType = "com.apple.product-type.bundle.unit-test";
		};
/* End PBXNativeTarget section */

/* Begin PBXProject section */
		0140D4C61DC3FABE00AFF0BB /* Project object */ = {
			isa = PBXProject;
			attributes = {
				LastSwiftUpdateCheck = 0800;
				LastUpgradeCheck = 0800;
				ORGANIZATIONNAME = "Scott Richards";
				TargetAttributes = {
					0140D4CD1DC3FABE00AFF0BB = {
						CreatedOnToolsVersion = 8.0;
						DevelopmentTeam = KCL29RH4A8;
						ProvisioningStyle = Automatic;
					};
					0140D4E11DC3FABE00AFF0BB = {
						CreatedOnToolsVersion = 8.0;
						DevelopmentTeam = KCL29RH4A8;
						ProvisioningStyle = Automatic;
						TestTargetID = 0140D4CD1DC3FABE00AFF0BB;
					};
				};
			};
			buildConfigurationList = 0140D4C91DC3FABE00AFF0BB /* Build configuration list for PBXProject "TarotReader" */;
			compatibilityVersion = "Xcode 3.2";
			developmentRegion = English;
			hasScannedForEncodings = 0;
			knownRegions = (
				en,
				Base,
			);
			mainGroup = 0140D4C51DC3FABE00AFF0BB;
			productRefGroup = 0140D4CF1DC3FABE00AFF0BB /* Products */;
			projectDirPath = "";
			projectRoot = "";
			targets = (
				0140D4CD1DC3FABE00AFF0BB /* TarotReader */,
				0140D4E11DC3FABE00AFF0BB /* TarotReaderTests */,
			);
		};
/* End PBXProject section */

/* Begin PBXResourcesBuildPhase section */
		0140D4CC1DC3FABE00AFF0BB /* Resources */ = {
			isa = PBXResourcesBuildPhase;
			buildActionMask = 2147483647;
			files = (
				0140D4DC1DC3FABE00AFF0BB /* LaunchScreen.storyboard in Resources */,
				0164CF261DC667520026B1BB /* Matt_Final_Edited_9_21-11.png in Resources */,
				0140D4D91DC3FABE00AFF0BB /* Assets.xcassets in Resources */,
				0164CF251DC667520026B1BB /* Matt_Final_Edited_9_21-10.png in Resources */,
				013764B61DCDFC140053A07C /* flipcard.wav in Resources */,
				011387E91DC40E95004FAE58 /* Images.xcassets in Resources */,
				0164CF221DC667520026B1BB /* Matt_Final_Edited_9_21-07.png in Resources */,
				0164CF201DC667520026B1BB /* Matt_Final_Edited_9_21-05.png in Resources */,
				0140D4D71DC3FABE00AFF0BB /* Main.storyboard in Resources */,
				010AA1F11DCAA0FD007BDD5B /* Localizable.strings in Resources */,
				0164CF231DC667520026B1BB /* Matt_Final_Edited_9_21-08.png in Resources */,
				0164CF211DC667520026B1BB /* Matt_Final_Edited_9_21-06.png in Resources */,
				0164CF241DC667520026B1BB /* Matt_Final_Edited_9_21-09.png in Resources */,
				0130F64F1DC404B4000A2DDC /* Cards.json in Resources */,
				0164CF271DC667520026B1BB /* Matt_Final_Edited_9_21-12.png in Resources */,
			);
			runOnlyForDeploymentPostprocessing = 0;
		};
		0140D4E01DC3FABE00AFF0BB /* Resources */ = {
			isa = PBXResourcesBuildPhase;
			buildActionMask = 2147483647;
			files = (
			);
			runOnlyForDeploymentPostprocessing = 0;
		};
/* End PBXResourcesBuildPhase section */

/* Begin PBXSourcesBuildPhase section */
		0140D4CA1DC3FABE00AFF0BB /* Sources */ = {
			isa = PBXSourcesBuildPhase;
			buildActionMask = 2147483647;
			files = (
				013764BB1DCE622C0053A07C /* EmailComposer.swift in Sources */,
				011387EB1DC415EB004FAE58 /* Constants.swift in Sources */,
				0140D4F71DC3FDA300AFF0BB /* TarotCardDeck.swift in Sources */,
				010AA1EF1DC80AA3007BDD5B /* ColorExtension.swift in Sources */,
				0140D4D21DC3FABE00AFF0BB /* AppDelegate.swift in Sources */,
				010AA1FB1DCC5FAD007BDD5B /* MainViewController.swift in Sources */,
				019150611DCC619E003BD9D4 /* InstructionsViewController.swift in Sources */,
				01B521FD1DCD654F008F60C0 /* AboutViewController.swift in Sources */,
				013764BD1DCEA9990053A07C /* TSWebViewController.swift in Sources */,
				013764B91DCE0C040053A07C /* StringUtilities.swift in Sources */,
				0140D4F51DC3FD4800AFF0BB /* TarotCard.swift in Sources */,
			);
			runOnlyForDeploymentPostprocessing = 0;
		};
		0140D4DE1DC3FABE00AFF0BB /* Sources */ = {
			isa = PBXSourcesBuildPhase;
			buildActionMask = 2147483647;
			files = (
				0140D4E71DC3FABE00AFF0BB /* TarotReaderTests.swift in Sources */,
			);
			runOnlyForDeploymentPostprocessing = 0;
		};
/* End PBXSourcesBuildPhase section */

/* Begin PBXTargetDependency section */
		0140D4E41DC3FABE00AFF0BB /* PBXTargetDependency */ = {
			isa = PBXTargetDependency;
			target = 0140D4CD1DC3FABE00AFF0BB /* TarotReader */;
			targetProxy = 0140D4E31DC3FABE00AFF0BB /* PBXContainerItemProxy */;
		};
/* End PBXTargetDependency section */

/* Begin PBXVariantGroup section */
		0140D4D51DC3FABE00AFF0BB /* Main.storyboard */ = {
			isa = PBXVariantGroup;
			children = (
				0140D4D61DC3FABE00AFF0BB /* Base */,
			);
			name = Main.storyboard;
			sourceTree = "<group>";
		};
		0140D4DA1DC3FABE00AFF0BB /* LaunchScreen.storyboard */ = {
			isa = PBXVariantGroup;
			children = (
				0140D4DB1DC3FABE00AFF0BB /* Base */,
			);
			name = LaunchScreen.storyboard;
			sourceTree = "<group>";
		};
/* End PBXVariantGroup section */

/* Begin XCBuildConfiguration section */
		0140D4E91DC3FABE00AFF0BB /* Debug */ = {
			isa = XCBuildConfiguration;
			buildSettings = {
				ALWAYS_SEARCH_USER_PATHS = NO;
				CLANG_ANALYZER_NONNULL = YES;
				CLANG_CXX_LANGUAGE_STANDARD = "gnu++0x";
				CLANG_CXX_LIBRARY = "libc++";
				CLANG_ENABLE_MODULES = YES;
				CLANG_ENABLE_OBJC_ARC = YES;
				CLANG_WARN_BOOL_CONVERSION = YES;
				CLANG_WARN_CONSTANT_CONVERSION = YES;
				CLANG_WARN_DIRECT_OBJC_ISA_USAGE = YES_ERROR;
				CLANG_WARN_DOCUMENTATION_COMMENTS = YES;
				CLANG_WARN_EMPTY_BODY = YES;
				CLANG_WARN_ENUM_CONVERSION = YES;
				CLANG_WARN_INFINITE_RECURSION = YES;
				CLANG_WARN_INT_CONVERSION = YES;
				CLANG_WARN_OBJC_ROOT_CLASS = YES_ERROR;
				CLANG_WARN_SUSPICIOUS_MOVES = YES;
				CLANG_WARN_UNREACHABLE_CODE = YES;
				CLANG_WARN__DUPLICATE_METHOD_MATCH = YES;
				"CODE_SIGN_IDENTITY[sdk=iphoneos*]" = "iPhone Developer";
				COPY_PHASE_STRIP = NO;
				DEBUG_INFORMATION_FORMAT = dwarf;
				ENABLE_STRICT_OBJC_MSGSEND = YES;
				ENABLE_TESTABILITY = YES;
				GCC_C_LANGUAGE_STANDARD = gnu99;
				GCC_DYNAMIC_NO_PIC = NO;
				GCC_NO_COMMON_BLOCKS = YES;
				GCC_OPTIMIZATION_LEVEL = 0;
				GCC_PREPROCESSOR_DEFINITIONS = (
					"DEBUG=1",
					"$(inherited)",
				);
				GCC_WARN_64_TO_32_BIT_CONVERSION = YES;
				GCC_WARN_ABOUT_RETURN_TYPE = YES_ERROR;
				GCC_WARN_UNDECLARED_SELECTOR = YES;
				GCC_WARN_UNINITIALIZED_AUTOS = YES_AGGRESSIVE;
				GCC_WARN_UNUSED_FUNCTION = YES;
				GCC_WARN_UNUSED_VARIABLE = YES;
				IPHONEOS_DEPLOYMENT_TARGET = 10.0;
				MTL_ENABLE_DEBUG_INFO = YES;
				ONLY_ACTIVE_ARCH = YES;
				SDKROOT = iphoneos;
				SWIFT_ACTIVE_COMPILATION_CONDITIONS = DEBUG;
				SWIFT_OPTIMIZATION_LEVEL = "-Onone";
				TARGETED_DEVICE_FAMILY = "1,2";
			};
			name = Debug;
		};
		0140D4EA1DC3FABE00AFF0BB /* Release */ = {
			isa = XCBuildConfiguration;
			buildSettings = {
				ALWAYS_SEARCH_USER_PATHS = NO;
				CLANG_ANALYZER_NONNULL = YES;
				CLANG_CXX_LANGUAGE_STANDARD = "gnu++0x";
				CLANG_CXX_LIBRARY = "libc++";
				CLANG_ENABLE_MODULES = YES;
				CLANG_ENABLE_OBJC_ARC = YES;
				CLANG_WARN_BOOL_CONVERSION = YES;
				CLANG_WARN_CONSTANT_CONVERSION = YES;
				CLANG_WARN_DIRECT_OBJC_ISA_USAGE = YES_ERROR;
				CLANG_WARN_DOCUMENTATION_COMMENTS = YES;
				CLANG_WARN_EMPTY_BODY = YES;
				CLANG_WARN_ENUM_CONVERSION = YES;
				CLANG_WARN_INFINITE_RECURSION = YES;
				CLANG_WARN_INT_CONVERSION = YES;
				CLANG_WARN_OBJC_ROOT_CLASS = YES_ERROR;
				CLANG_WARN_SUSPICIOUS_MOVES = YES;
				CLANG_WARN_UNREACHABLE_CODE = YES;
				CLANG_WARN__DUPLICATE_METHOD_MATCH = YES;
				"CODE_SIGN_IDENTITY[sdk=iphoneos*]" = "iPhone Developer";
				COPY_PHASE_STRIP = NO;
				DEBUG_INFORMATION_FORMAT = "dwarf-with-dsym";
				ENABLE_NS_ASSERTIONS = NO;
				ENABLE_STRICT_OBJC_MSGSEND = YES;
				GCC_C_LANGUAGE_STANDARD = gnu99;
				GCC_NO_COMMON_BLOCKS = YES;
				GCC_WARN_64_TO_32_BIT_CONVERSION = YES;
				GCC_WARN_ABOUT_RETURN_TYPE = YES_ERROR;
				GCC_WARN_UNDECLARED_SELECTOR = YES;
				GCC_WARN_UNINITIALIZED_AUTOS = YES_AGGRESSIVE;
				GCC_WARN_UNUSED_FUNCTION = YES;
				GCC_WARN_UNUSED_VARIABLE = YES;
				IPHONEOS_DEPLOYMENT_TARGET = 10.0;
				MTL_ENABLE_DEBUG_INFO = NO;
				SDKROOT = iphoneos;
				SWIFT_OPTIMIZATION_LEVEL = "-Owholemodule";
				TARGETED_DEVICE_FAMILY = "1,2";
				VALIDATE_PRODUCT = YES;
			};
			name = Release;
		};
		0140D4EC1DC3FABE00AFF0BB /* Debug */ = {
			isa = XCBuildConfiguration;
			buildSettings = {
				ASSETCATALOG_COMPILER_APPICON_NAME = AppIcon;
				DEVELOPMENT_TEAM = KCL29RH4A8;
				INFOPLIST_FILE = TarotReader/Info.plist;
				LD_RUNPATH_SEARCH_PATHS = "$(inherited) @executable_path/Frameworks";
				PRODUCT_BUNDLE_IDENTIFIER = BitWyze.TarotReader;
				PRODUCT_NAME = "$(TARGET_NAME)";
				SWIFT_VERSION = 3.0;
				TARGETED_DEVICE_FAMILY = "1,2";
			};
			name = Debug;
		};
		0140D4ED1DC3FABE00AFF0BB /* Release */ = {
			isa = XCBuildConfiguration;
			buildSettings = {
				ASSETCATALOG_COMPILER_APPICON_NAME = AppIcon;
				DEVELOPMENT_TEAM = KCL29RH4A8;
				INFOPLIST_FILE = TarotReader/Info.plist;
				LD_RUNPATH_SEARCH_PATHS = "$(inherited) @executable_path/Frameworks";
				PRODUCT_BUNDLE_IDENTIFIER = BitWyze.TarotReader;
				PRODUCT_NAME = "$(TARGET_NAME)";
				SWIFT_VERSION = 3.0;
				TARGETED_DEVICE_FAMILY = "1,2";
			};
			name = Release;
		};
		0140D4EF1DC3FABE00AFF0BB /* Debug */ = {
			isa = XCBuildConfiguration;
			buildSettings = {
				ALWAYS_EMBED_SWIFT_STANDARD_LIBRARIES = YES;
				BUNDLE_LOADER = "$(TEST_HOST)";
				DEVELOPMENT_TEAM = KCL29RH4A8;
				INFOPLIST_FILE = TarotReaderTests/Info.plist;
				LD_RUNPATH_SEARCH_PATHS = "$(inherited) @executable_path/Frameworks @loader_path/Frameworks";
				PRODUCT_BUNDLE_IDENTIFIER = BitWyze.TarotReaderTests;
				PRODUCT_NAME = "$(TARGET_NAME)";
				SWIFT_VERSION = 3.0;
				TEST_HOST = "$(BUILT_PRODUCTS_DIR)/TarotReader.app/TarotReader";
			};
			name = Debug;
		};
		0140D4F01DC3FABE00AFF0BB /* Release */ = {
			isa = XCBuildConfiguration;
			buildSettings = {
				ALWAYS_EMBED_SWIFT_STANDARD_LIBRARIES = YES;
				BUNDLE_LOADER = "$(TEST_HOST)";
				DEVELOPMENT_TEAM = KCL29RH4A8;
				INFOPLIST_FILE = TarotReaderTests/Info.plist;
				LD_RUNPATH_SEARCH_PATHS = "$(inherited) @executable_path/Frameworks @loader_path/Frameworks";
				PRODUCT_BUNDLE_IDENTIFIER = BitWyze.TarotReaderTests;
				PRODUCT_NAME = "$(TARGET_NAME)";
				SWIFT_VERSION = 3.0;
				TEST_HOST = "$(BUILT_PRODUCTS_DIR)/TarotReader.app/TarotReader";
			};
			name = Release;
		};
/* End XCBuildConfiguration section */

/* Begin XCConfigurationList section */
		0140D4C91DC3FABE00AFF0BB /* Build configuration list for PBXProject "TarotReader" */ = {
			isa = XCConfigurationList;
			buildConfigurations = (
				0140D4E91DC3FABE00AFF0BB /* Debug */,
				0140D4EA1DC3FABE00AFF0BB /* Release */,
			);
			defaultConfigurationIsVisible = 0;
			defaultConfigurationName = Release;
		};
		0140D4EB1DC3FABE00AFF0BB /* Build configuration list for PBXNativeTarget "TarotReader" */ = {
			isa = XCConfigurationList;
			buildConfigurations = (
				0140D4EC1DC3FABE00AFF0BB /* Debug */,
				0140D4ED1DC3FABE00AFF0BB /* Release */,
			);
			defaultConfigurationIsVisible = 0;
			defaultConfigurationName = Release;
		};
		0140D4EE1DC3FABE00AFF0BB /* Build configuration list for PBXNativeTarget "TarotReaderTests" */ = {
			isa = XCConfigurationList;
			buildConfigurations = (
				0140D4EF1DC3FABE00AFF0BB /* Debug */,
				0140D4F01DC3FABE00AFF0BB /* Release */,
			);
			defaultConfigurationIsVisible = 0;
			defaultConfigurationName = Release;
		};
/* End XCConfigurationList section */
	};
	rootObject = 0140D4C61DC3FABE00AFF0BB /* Project object */;
}
